// !$*UTF8*$!
{
	archiveVersion = 1;
	classes = {
	};
	objectVersion = 48;
	objects = {

/* Begin PBXBuildFile section */
		229A926024B0BDFE00AA33C3 /* Bundle+Extension.swift in Sources */ = {isa = PBXBuildFile; fileRef = 229A925F24B0BDFE00AA33C3 /* Bundle+Extension.swift */; };
		CE0C5FB5201ABD460040A03A /* FMPhotoPresenterViewController.swift in Sources */ = {isa = PBXBuildFile; fileRef = CE0C5FB4201ABD460040A03A /* FMPhotoPresenterViewController.swift */; };
		CE0C5FB9201AC4870040A03A /* FMZoomInAnimationController.swift in Sources */ = {isa = PBXBuildFile; fileRef = CE0C5FB8201AC4870040A03A /* FMZoomInAnimationController.swift */; };
		CE0C5FBD201AE09F0040A03A /* FMZoomOutAnimationController.swift in Sources */ = {isa = PBXBuildFile; fileRef = CE0C5FBC201AE09F0040A03A /* FMZoomOutAnimationController.swift */; };
		CE18608D2030D38700A5D73D /* FMLoadingView.swift in Sources */ = {isa = PBXBuildFile; fileRef = CE18608C2030D38700A5D73D /* FMLoadingView.swift */; };
		CE1A5BC4204D3E6A009EA821 /* FMCropView.swift in Sources */ = {isa = PBXBuildFile; fileRef = CE1A5BC3204D3E6A009EA821 /* FMCropView.swift */; };
		CE1A5BC8204D3E91009EA821 /* FMCropScrollView.swift in Sources */ = {isa = PBXBuildFile; fileRef = CE1A5BC7204D3E91009EA821 /* FMCropScrollView.swift */; };
		CE1A5BCA204D3EB2009EA821 /* FMCropCropBoxView.swift in Sources */ = {isa = PBXBuildFile; fileRef = CE1A5BC9204D3EB2009EA821 /* FMCropCropBoxView.swift */; };
		CE1A5BCC204D3F6E009EA821 /* FMCropBackgroundView.swift in Sources */ = {isa = PBXBuildFile; fileRef = CE1A5BCB204D3F6E009EA821 /* FMCropBackgroundView.swift */; };
		CE1A5BCE204D3F88009EA821 /* FMCropForegroundView.swift in Sources */ = {isa = PBXBuildFile; fileRef = CE1A5BCD204D3F88009EA821 /* FMCropForegroundView.swift */; };
		CE1A5BD2204E1FA5009EA821 /* InsertableUIView.swift in Sources */ = {isa = PBXBuildFile; fileRef = CE1A5BD1204E1FA5009EA821 /* InsertableUIView.swift */; };
		CE1D3C5520197F5300154980 /* Assets.xcassets in Resources */ = {isa = PBXBuildFile; fileRef = CE1D3C5420197F5300154980 /* Assets.xcassets */; };
		CE1D3C592019C25700154980 /* FMPhotoAsset.swift in Sources */ = {isa = PBXBuildFile; fileRef = CE1D3C582019C25700154980 /* FMPhotoAsset.swift */; };
		CE213CB72075C07300026B17 /* Const.swift in Sources */ = {isa = PBXBuildFile; fileRef = CE213CB62075C07300026B17 /* Const.swift */; };
		CE238A07201EB38000CEBCB5 /* FMScalingImageView.swift in Sources */ = {isa = PBXBuildFile; fileRef = CE238A06201EB38000CEBCB5 /* FMScalingImageView.swift */; };
		CE238A09201EB68500CEBCB5 /* FMPhotoViewController.swift in Sources */ = {isa = PBXBuildFile; fileRef = CE238A08201EB68500CEBCB5 /* FMPhotoViewController.swift */; };
		CE27EFFD2036CC4600B17BA7 /* TimeInterval+Extension.swift in Sources */ = {isa = PBXBuildFile; fileRef = CE27EFFC2036CC4600B17BA7 /* TimeInterval+Extension.swift */; };
		CE42F598205129B4006D2DC5 /* FMCropCropBoxCornersView.swift in Sources */ = {isa = PBXBuildFile; fileRef = CE42F597205129B4006D2DC5 /* FMCropCropBoxCornersView.swift */; };
		CE42F59A20515BA9006D2DC5 /* FMCropTranslucencyView.swift in Sources */ = {isa = PBXBuildFile; fileRef = CE42F59920515BA9006D2DC5 /* FMCropTranslucencyView.swift */; };
		CE42F59C20521239006D2DC5 /* FMCropCell.swift in Sources */ = {isa = PBXBuildFile; fileRef = CE42F59B20521239006D2DC5 /* FMCropCell.swift */; };
		CE42F5A020521CDA006D2DC5 /* FMCrop.swift in Sources */ = {isa = PBXBuildFile; fileRef = CE42F59F20521CDA006D2DC5 /* FMCrop.swift */; };
		CE510905202AFD80003CBFA5 /* FMPhotoPickerBatchSelector.swift in Sources */ = {isa = PBXBuildFile; fileRef = CE510904202AFD80003CBFA5 /* FMPhotoPickerBatchSelector.swift */; };
		CE762F142060DE54002D6E31 /* FMAlertable.swift in Sources */ = {isa = PBXBuildFile; fileRef = CE762F132060DE54002D6E31 /* FMAlertable.swift */; };
		CE7D2E94202D8C4500554DE0 /* FMPhotoPickerConfig.swift in Sources */ = {isa = PBXBuildFile; fileRef = CE7D2E93202D8C4500554DE0 /* FMPhotoPickerConfig.swift */; };
		CE91C3CF2057F4DD00B14997 /* UIImage+Extensions.swift in Sources */ = {isa = PBXBuildFile; fileRef = CE91C3CE2057F4DC00B14997 /* UIImage+Extensions.swift */; };
		CE91C3D42058BB0800B14997 /* FMCroppable.swift in Sources */ = {isa = PBXBuildFile; fileRef = CE91C3D32058BB0800B14997 /* FMCroppable.swift */; };
		CEC8EE792029413E001FD282 /* UIView+FMPhotoView.swift in Sources */ = {isa = PBXBuildFile; fileRef = CEC8EE782029413E001FD282 /* UIView+FMPhotoView.swift */; };
		CEC8EE7B20294338001FD282 /* FMPhotoInteractionAnimator.swift in Sources */ = {isa = PBXBuildFile; fileRef = CEC8EE7A20294338001FD282 /* FMPhotoInteractionAnimator.swift */; };
		CED2E98C20453D8F00AB8206 /* FMImageEditorViewController.swift in Sources */ = {isa = PBXBuildFile; fileRef = CED2E98A20453D8F00AB8206 /* FMImageEditorViewController.swift */; };
		CED2E98F2045410D00AB8206 /* FMPresenterEditMenuView.swift in Sources */ = {isa = PBXBuildFile; fileRef = CED2E98E2045410D00AB8206 /* FMPresenterEditMenuView.swift */; };
		CED2E99220455B2500AB8206 /* FMFiltersMenuView.swift in Sources */ = {isa = PBXBuildFile; fileRef = CED2E99120455B2500AB8206 /* FMFiltersMenuView.swift */; };
		CED2E99420455B8F00AB8206 /* FMFilterCell.swift in Sources */ = {isa = PBXBuildFile; fileRef = CED2E99320455B8F00AB8206 /* FMFilterCell.swift */; };
		CED2E9992047D1E100AB8206 /* FMFilterable.swift in Sources */ = {isa = PBXBuildFile; fileRef = CED2E9982047D1E100AB8206 /* FMFilterable.swift */; };
		CED2E99B2047D25400AB8206 /* FMFilter.swift in Sources */ = {isa = PBXBuildFile; fileRef = CED2E99A2047D25400AB8206 /* FMFilter.swift */; };
		CED2E9A32048E6D800AB8206 /* FMImageEditor.swift in Sources */ = {isa = PBXBuildFile; fileRef = CED2E9A22048E6D800AB8206 /* FMImageEditor.swift */; };
		CED2E9A5204CE8B800AB8206 /* FMCropMenuView.swift in Sources */ = {isa = PBXBuildFile; fileRef = CED2E9A4204CE8B800AB8206 /* FMCropMenuView.swift */; };
		CEDF9C3B203AC6AE0048D182 /* FMPresenterBottomView.swift in Sources */ = {isa = PBXBuildFile; fileRef = CEDF9C3A203AC6AE0048D182 /* FMPresenterBottomView.swift */; };
		CEDF9C3D203ACCD20048D182 /* FMPresenterTopView.swift in Sources */ = {isa = PBXBuildFile; fileRef = CEDF9C3C203ACCD20048D182 /* FMPresenterTopView.swift */; };
		CEDF9C3F203ADB0E0048D182 /* FMPlaybackControlView.swift in Sources */ = {isa = PBXBuildFile; fileRef = CEDF9C3E203ADB0E0048D182 /* FMPlaybackControlView.swift */; };
		CEDF9C41203ADB380048D182 /* FMPlaybackProgressView.swift in Sources */ = {isa = PBXBuildFile; fileRef = CEDF9C40203ADB380048D182 /* FMPlaybackProgressView.swift */; };
		CEDF9C45203ADC200048D182 /* FMPlaybackProgressTrackLayer.swift in Sources */ = {isa = PBXBuildFile; fileRef = CEDF9C44203ADC200048D182 /* FMPlaybackProgressTrackLayer.swift */; };
		CEDF9C47203ADC2D0048D182 /* FMPlaybackProgressThumbLayer.swift in Sources */ = {isa = PBXBuildFile; fileRef = CEDF9C46203ADC2D0048D182 /* FMPlaybackProgressThumbLayer.swift */; };
		CEDF9C4A203D5E510048D182 /* FMVideoViewController.swift in Sources */ = {isa = PBXBuildFile; fileRef = CEDF9C49203D5E510048D182 /* FMVideoViewController.swift */; };
		CEDF9C4C203D6D4F0048D182 /* FMImageViewController.swift in Sources */ = {isa = PBXBuildFile; fileRef = CEDF9C4B203D6D4F0048D182 /* FMImageViewController.swift */; };
		CEDF9C4F203E585F0048D182 /* AVPlayer+Extension.swift in Sources */ = {isa = PBXBuildFile; fileRef = CEDF9C4E203E585F0048D182 /* AVPlayer+Extension.swift */; };
		CEE311B72022E29700ABBE0C /* FMPhotosDataSource.swift in Sources */ = {isa = PBXBuildFile; fileRef = CEE311B62022E29700ABBE0C /* FMPhotosDataSource.swift */; };
		CEE50D1320196DF9005AE708 /* FMPhotoPicker.framework in Frameworks */ = {isa = PBXBuildFile; fileRef = CEE50D0920196DF9005AE708 /* FMPhotoPicker.framework */; };
		CEE50D1820196DF9005AE708 /* FMPhotoPickerTests.swift in Sources */ = {isa = PBXBuildFile; fileRef = CEE50D1720196DF9005AE708 /* FMPhotoPickerTests.swift */; };
		CEE50D2920196E45005AE708 /* FMPhotoPickerViewController.swift in Sources */ = {isa = PBXBuildFile; fileRef = CEE50D2420196E44005AE708 /* FMPhotoPickerViewController.swift */; };
		CEE50D2A20196E45005AE708 /* FMPhotoPickerImageCollectionViewLayout.swift in Sources */ = {isa = PBXBuildFile; fileRef = CEE50D2520196E45005AE708 /* FMPhotoPickerImageCollectionViewLayout.swift */; };
		CEE50D2B20196E45005AE708 /* FMPhotoPickerImageCollectionViewCell.swift in Sources */ = {isa = PBXBuildFile; fileRef = CEE50D2620196E45005AE708 /* FMPhotoPickerImageCollectionViewCell.swift */; };
		CEE50D2C20196E45005AE708 /* Helper.swift in Sources */ = {isa = PBXBuildFile; fileRef = CEE50D2720196E45005AE708 /* Helper.swift */; };
		CEEC7E3920328C2000BBC214 /* FMWarningView.swift in Sources */ = {isa = PBXBuildFile; fileRef = CEEC7E3820328C2000BBC214 /* FMWarningView.swift */; };
/* End PBXBuildFile section */

/* Begin PBXContainerItemProxy section */
		CEE50D1420196DF9005AE708 /* PBXContainerItemProxy */ = {
			isa = PBXContainerItemProxy;
			containerPortal = CEE50D0020196DF9005AE708 /* Project object */;
			proxyType = 1;
			remoteGlobalIDString = CEE50D0820196DF9005AE708;
			remoteInfo = FMPhotoPicker;
		};
/* End PBXContainerItemProxy section */

/* Begin PBXFileReference section */
		229A925F24B0BDFE00AA33C3 /* Bundle+Extension.swift */ = {isa = PBXFileReference; lastKnownFileType = sourcecode.swift; path = "Bundle+Extension.swift"; sourceTree = "<group>"; };
		CE0C5FB4201ABD460040A03A /* FMPhotoPresenterViewController.swift */ = {isa = PBXFileReference; lastKnownFileType = sourcecode.swift; path = FMPhotoPresenterViewController.swift; sourceTree = "<group>"; };
		CE0C5FB8201AC4870040A03A /* FMZoomInAnimationController.swift */ = {isa = PBXFileReference; lastKnownFileType = sourcecode.swift; path = FMZoomInAnimationController.swift; sourceTree = "<group>"; };
		CE0C5FBC201AE09F0040A03A /* FMZoomOutAnimationController.swift */ = {isa = PBXFileReference; lastKnownFileType = sourcecode.swift; path = FMZoomOutAnimationController.swift; sourceTree = "<group>"; };
		CE18608C2030D38700A5D73D /* FMLoadingView.swift */ = {isa = PBXFileReference; lastKnownFileType = sourcecode.swift; path = FMLoadingView.swift; sourceTree = "<group>"; };
		CE1A5BC3204D3E6A009EA821 /* FMCropView.swift */ = {isa = PBXFileReference; lastKnownFileType = sourcecode.swift; path = FMCropView.swift; sourceTree = "<group>"; };
		CE1A5BC7204D3E91009EA821 /* FMCropScrollView.swift */ = {isa = PBXFileReference; lastKnownFileType = sourcecode.swift; path = FMCropScrollView.swift; sourceTree = "<group>"; };
		CE1A5BC9204D3EB2009EA821 /* FMCropCropBoxView.swift */ = {isa = PBXFileReference; lastKnownFileType = sourcecode.swift; path = FMCropCropBoxView.swift; sourceTree = "<group>"; };
		CE1A5BCB204D3F6E009EA821 /* FMCropBackgroundView.swift */ = {isa = PBXFileReference; lastKnownFileType = sourcecode.swift; path = FMCropBackgroundView.swift; sourceTree = "<group>"; };
		CE1A5BCD204D3F88009EA821 /* FMCropForegroundView.swift */ = {isa = PBXFileReference; lastKnownFileType = sourcecode.swift; path = FMCropForegroundView.swift; sourceTree = "<group>"; };
		CE1A5BD1204E1FA5009EA821 /* InsertableUIView.swift */ = {isa = PBXFileReference; lastKnownFileType = sourcecode.swift; path = InsertableUIView.swift; sourceTree = "<group>"; };
		CE1D3C5420197F5300154980 /* Assets.xcassets */ = {isa = PBXFileReference; lastKnownFileType = folder.assetcatalog; path = Assets.xcassets; sourceTree = "<group>"; };
		CE1D3C582019C25700154980 /* FMPhotoAsset.swift */ = {isa = PBXFileReference; lastKnownFileType = sourcecode.swift; path = FMPhotoAsset.swift; sourceTree = "<group>"; };
		CE213CB62075C07300026B17 /* Const.swift */ = {isa = PBXFileReference; lastKnownFileType = sourcecode.swift; path = Const.swift; sourceTree = "<group>"; };
		CE238A06201EB38000CEBCB5 /* FMScalingImageView.swift */ = {isa = PBXFileReference; lastKnownFileType = sourcecode.swift; path = FMScalingImageView.swift; sourceTree = "<group>"; };
		CE238A08201EB68500CEBCB5 /* FMPhotoViewController.swift */ = {isa = PBXFileReference; lastKnownFileType = sourcecode.swift; path = FMPhotoViewController.swift; sourceTree = "<group>"; };
		CE27EFFC2036CC4600B17BA7 /* TimeInterval+Extension.swift */ = {isa = PBXFileReference; lastKnownFileType = sourcecode.swift; path = "TimeInterval+Extension.swift"; sourceTree = "<group>"; };
		CE42F597205129B4006D2DC5 /* FMCropCropBoxCornersView.swift */ = {isa = PBXFileReference; lastKnownFileType = sourcecode.swift; path = FMCropCropBoxCornersView.swift; sourceTree = "<group>"; };
		CE42F59920515BA9006D2DC5 /* FMCropTranslucencyView.swift */ = {isa = PBXFileReference; lastKnownFileType = sourcecode.swift; path = FMCropTranslucencyView.swift; sourceTree = "<group>"; };
		CE42F59B20521239006D2DC5 /* FMCropCell.swift */ = {isa = PBXFileReference; lastKnownFileType = sourcecode.swift; path = FMCropCell.swift; sourceTree = "<group>"; };
		CE42F59F20521CDA006D2DC5 /* FMCrop.swift */ = {isa = PBXFileReference; lastKnownFileType = sourcecode.swift; path = FMCrop.swift; sourceTree = "<group>"; };
		CE510904202AFD80003CBFA5 /* FMPhotoPickerBatchSelector.swift */ = {isa = PBXFileReference; lastKnownFileType = sourcecode.swift; path = FMPhotoPickerBatchSelector.swift; sourceTree = "<group>"; };
		CE762F132060DE54002D6E31 /* FMAlertable.swift */ = {isa = PBXFileReference; lastKnownFileType = sourcecode.swift; path = FMAlertable.swift; sourceTree = "<group>"; };
		CE7D2E93202D8C4500554DE0 /* FMPhotoPickerConfig.swift */ = {isa = PBXFileReference; lastKnownFileType = sourcecode.swift; path = FMPhotoPickerConfig.swift; sourceTree = "<group>"; };
		CE91C3CE2057F4DC00B14997 /* UIImage+Extensions.swift */ = {isa = PBXFileReference; lastKnownFileType = sourcecode.swift; path = "UIImage+Extensions.swift"; sourceTree = "<group>"; };
		CE91C3D32058BB0800B14997 /* FMCroppable.swift */ = {isa = PBXFileReference; lastKnownFileType = sourcecode.swift; path = FMCroppable.swift; sourceTree = "<group>"; };
		CEC8EE782029413E001FD282 /* UIView+FMPhotoView.swift */ = {isa = PBXFileReference; lastKnownFileType = sourcecode.swift; path = "UIView+FMPhotoView.swift"; sourceTree = "<group>"; };
		CEC8EE7A20294338001FD282 /* FMPhotoInteractionAnimator.swift */ = {isa = PBXFileReference; lastKnownFileType = sourcecode.swift; path = FMPhotoInteractionAnimator.swift; sourceTree = "<group>"; };
		CED2E98A20453D8F00AB8206 /* FMImageEditorViewController.swift */ = {isa = PBXFileReference; lastKnownFileType = sourcecode.swift; path = FMImageEditorViewController.swift; sourceTree = "<group>"; };
		CED2E98E2045410D00AB8206 /* FMPresenterEditMenuView.swift */ = {isa = PBXFileReference; lastKnownFileType = sourcecode.swift; path = FMPresenterEditMenuView.swift; sourceTree = "<group>"; };
		CED2E99120455B2500AB8206 /* FMFiltersMenuView.swift */ = {isa = PBXFileReference; lastKnownFileType = sourcecode.swift; path = FMFiltersMenuView.swift; sourceTree = "<group>"; };
		CED2E99320455B8F00AB8206 /* FMFilterCell.swift */ = {isa = PBXFileReference; lastKnownFileType = sourcecode.swift; path = FMFilterCell.swift; sourceTree = "<group>"; };
		CED2E9982047D1E100AB8206 /* FMFilterable.swift */ = {isa = PBXFileReference; lastKnownFileType = sourcecode.swift; path = FMFilterable.swift; sourceTree = "<group>"; };
		CED2E99A2047D25400AB8206 /* FMFilter.swift */ = {isa = PBXFileReference; lastKnownFileType = sourcecode.swift; path = FMFilter.swift; sourceTree = "<group>"; };
		CED2E9A22048E6D800AB8206 /* FMImageEditor.swift */ = {isa = PBXFileReference; lastKnownFileType = sourcecode.swift; path = FMImageEditor.swift; sourceTree = "<group>"; };
		CED2E9A4204CE8B800AB8206 /* FMCropMenuView.swift */ = {isa = PBXFileReference; lastKnownFileType = sourcecode.swift; path = FMCropMenuView.swift; sourceTree = "<group>"; };
		CEDF9C3A203AC6AE0048D182 /* FMPresenterBottomView.swift */ = {isa = PBXFileReference; lastKnownFileType = sourcecode.swift; path = FMPresenterBottomView.swift; sourceTree = "<group>"; };
		CEDF9C3C203ACCD20048D182 /* FMPresenterTopView.swift */ = {isa = PBXFileReference; lastKnownFileType = sourcecode.swift; path = FMPresenterTopView.swift; sourceTree = "<group>"; };
		CEDF9C3E203ADB0E0048D182 /* FMPlaybackControlView.swift */ = {isa = PBXFileReference; lastKnownFileType = sourcecode.swift; path = FMPlaybackControlView.swift; sourceTree = "<group>"; };
		CEDF9C40203ADB380048D182 /* FMPlaybackProgressView.swift */ = {isa = PBXFileReference; lastKnownFileType = sourcecode.swift; path = FMPlaybackProgressView.swift; sourceTree = "<group>"; };
		CEDF9C44203ADC200048D182 /* FMPlaybackProgressTrackLayer.swift */ = {isa = PBXFileReference; lastKnownFileType = sourcecode.swift; path = FMPlaybackProgressTrackLayer.swift; sourceTree = "<group>"; };
		CEDF9C46203ADC2D0048D182 /* FMPlaybackProgressThumbLayer.swift */ = {isa = PBXFileReference; lastKnownFileType = sourcecode.swift; path = FMPlaybackProgressThumbLayer.swift; sourceTree = "<group>"; };
		CEDF9C49203D5E510048D182 /* FMVideoViewController.swift */ = {isa = PBXFileReference; lastKnownFileType = sourcecode.swift; path = FMVideoViewController.swift; sourceTree = "<group>"; };
		CEDF9C4B203D6D4F0048D182 /* FMImageViewController.swift */ = {isa = PBXFileReference; lastKnownFileType = sourcecode.swift; path = FMImageViewController.swift; sourceTree = "<group>"; };
		CEDF9C4E203E585F0048D182 /* AVPlayer+Extension.swift */ = {isa = PBXFileReference; lastKnownFileType = sourcecode.swift; path = "AVPlayer+Extension.swift"; sourceTree = "<group>"; };
		CEE311B62022E29700ABBE0C /* FMPhotosDataSource.swift */ = {isa = PBXFileReference; lastKnownFileType = sourcecode.swift; path = FMPhotosDataSource.swift; sourceTree = "<group>"; };
		CEE50D0920196DF9005AE708 /* FMPhotoPicker.framework */ = {isa = PBXFileReference; explicitFileType = wrapper.framework; includeInIndex = 0; path = FMPhotoPicker.framework; sourceTree = BUILT_PRODUCTS_DIR; };
		CEE50D0D20196DF9005AE708 /* Info.plist */ = {isa = PBXFileReference; lastKnownFileType = text.plist.xml; path = Info.plist; sourceTree = "<group>"; };
		CEE50D1220196DF9005AE708 /* FMPhotoPickerTests.xctest */ = {isa = PBXFileReference; explicitFileType = wrapper.cfbundle; includeInIndex = 0; path = FMPhotoPickerTests.xctest; sourceTree = BUILT_PRODUCTS_DIR; };
		CEE50D1720196DF9005AE708 /* FMPhotoPickerTests.swift */ = {isa = PBXFileReference; lastKnownFileType = sourcecode.swift; path = FMPhotoPickerTests.swift; sourceTree = "<group>"; };
		CEE50D1920196DF9005AE708 /* Info.plist */ = {isa = PBXFileReference; lastKnownFileType = text.plist.xml; path = Info.plist; sourceTree = "<group>"; };
		CEE50D2420196E44005AE708 /* FMPhotoPickerViewController.swift */ = {isa = PBXFileReference; fileEncoding = 4; lastKnownFileType = sourcecode.swift; path = FMPhotoPickerViewController.swift; sourceTree = "<group>"; };
		CEE50D2520196E45005AE708 /* FMPhotoPickerImageCollectionViewLayout.swift */ = {isa = PBXFileReference; fileEncoding = 4; lastKnownFileType = sourcecode.swift; path = FMPhotoPickerImageCollectionViewLayout.swift; sourceTree = "<group>"; };
		CEE50D2620196E45005AE708 /* FMPhotoPickerImageCollectionViewCell.swift */ = {isa = PBXFileReference; fileEncoding = 4; lastKnownFileType = sourcecode.swift; path = FMPhotoPickerImageCollectionViewCell.swift; sourceTree = "<group>"; };
		CEE50D2720196E45005AE708 /* Helper.swift */ = {isa = PBXFileReference; fileEncoding = 4; lastKnownFileType = sourcecode.swift; path = Helper.swift; sourceTree = "<group>"; };
		CEEC7E3820328C2000BBC214 /* FMWarningView.swift */ = {isa = PBXFileReference; lastKnownFileType = sourcecode.swift; path = FMWarningView.swift; sourceTree = "<group>"; };
/* End PBXFileReference section */

/* Begin PBXFrameworksBuildPhase section */
		CEE50D0520196DF9005AE708 /* Frameworks */ = {
			isa = PBXFrameworksBuildPhase;
			buildActionMask = 2147483647;
			files = (
			);
			runOnlyForDeploymentPostprocessing = 0;
		};
		CEE50D0F20196DF9005AE708 /* Frameworks */ = {
			isa = PBXFrameworksBuildPhase;
			buildActionMask = 2147483647;
			files = (
				CEE50D1320196DF9005AE708 /* FMPhotoPicker.framework in Frameworks */,
			);
			runOnlyForDeploymentPostprocessing = 0;
		};
/* End PBXFrameworksBuildPhase section */

/* Begin PBXGroup section */
		CE1A5BC2204D3E45009EA821 /* Crop */ = {
			isa = PBXGroup;
			children = (
				CE1A5BC3204D3E6A009EA821 /* FMCropView.swift */,
				CE1A5BC7204D3E91009EA821 /* FMCropScrollView.swift */,
				CE1A5BC9204D3EB2009EA821 /* FMCropCropBoxView.swift */,
				CE42F597205129B4006D2DC5 /* FMCropCropBoxCornersView.swift */,
				CE1A5BCB204D3F6E009EA821 /* FMCropBackgroundView.swift */,
				CE1A5BCD204D3F88009EA821 /* FMCropForegroundView.swift */,
				CE42F59920515BA9006D2DC5 /* FMCropTranslucencyView.swift */,
			);
			path = Crop;
			sourceTree = "<group>";
		};
		CE5108FC202AE789003CBFA5 /* Data */ = {
			isa = PBXGroup;
			children = (
				CE1D3C582019C25700154980 /* FMPhotoAsset.swift */,
				CEE311B62022E29700ABBE0C /* FMPhotosDataSource.swift */,
			);
			path = Data;
			sourceTree = "<group>";
		};
		CE5108FD202AE799003CBFA5 /* Scene */ = {
			isa = PBXGroup;
			children = (
				CE5108FE202AE7AD003CBFA5 /* Picker */,
				CE5108FF202AE7CC003CBFA5 /* Presenter */,
			);
			path = Scene;
			sourceTree = "<group>";
		};
		CE5108FE202AE7AD003CBFA5 /* Picker */ = {
			isa = PBXGroup;
			children = (
				CE510904202AFD80003CBFA5 /* FMPhotoPickerBatchSelector.swift */,
				CEE50D2420196E44005AE708 /* FMPhotoPickerViewController.swift */,
				CEE50D2620196E45005AE708 /* FMPhotoPickerImageCollectionViewCell.swift */,
				CEE50D2520196E45005AE708 /* FMPhotoPickerImageCollectionViewLayout.swift */,
			);
			path = Picker;
			sourceTree = "<group>";
		};
		CE5108FF202AE7CC003CBFA5 /* Presenter */ = {
			isa = PBXGroup;
			children = (
				CEDF9C42203ADBAE0048D182 /* Views */,
				CE510902202AE80B003CBFA5 /* Viewer */,
				CED2E98920453D6500AB8206 /* Editor */,
				CE0C5FB4201ABD460040A03A /* FMPhotoPresenterViewController.swift */,
			);
			path = Presenter;
			sourceTree = "<group>";
		};
		CE510900202AE7DE003CBFA5 /* Animated Trasitioning */ = {
			isa = PBXGroup;
			children = (
				CE0C5FB8201AC4870040A03A /* FMZoomInAnimationController.swift */,
				CE0C5FBC201AE09F0040A03A /* FMZoomOutAnimationController.swift */,
			);
			path = "Animated Trasitioning";
			sourceTree = "<group>";
		};
		CE510901202AE7EE003CBFA5 /* Interaction Animator */ = {
			isa = PBXGroup;
			children = (
				CEC8EE7A20294338001FD282 /* FMPhotoInteractionAnimator.swift */,
			);
			path = "Interaction Animator";
			sourceTree = "<group>";
		};
		CE510902202AE80B003CBFA5 /* Viewer */ = {
			isa = PBXGroup;
			children = (
				CE238A08201EB68500CEBCB5 /* FMPhotoViewController.swift */,
				CE238A06201EB38000CEBCB5 /* FMScalingImageView.swift */,
				CEDF9C49203D5E510048D182 /* FMVideoViewController.swift */,
				CEDF9C4B203D6D4F0048D182 /* FMImageViewController.swift */,
			);
			path = Viewer;
			sourceTree = "<group>";
		};
		CE510903202AE8CD003CBFA5 /* Utilities */ = {
			isa = PBXGroup;
			children = (
				CEE50D2720196E45005AE708 /* Helper.swift */,
				CEC8EE782029413E001FD282 /* UIView+FMPhotoView.swift */,
				CE7D2E93202D8C4500554DE0 /* FMPhotoPickerConfig.swift */,
				CE18608C2030D38700A5D73D /* FMLoadingView.swift */,
				CEEC7E3820328C2000BBC214 /* FMWarningView.swift */,
				CE27EFFC2036CC4600B17BA7 /* TimeInterval+Extension.swift */,
				CEDF9C4E203E585F0048D182 /* AVPlayer+Extension.swift */,
				CE1A5BD1204E1FA5009EA821 /* InsertableUIView.swift */,
				CE91C3CE2057F4DC00B14997 /* UIImage+Extensions.swift */,
				CE762F132060DE54002D6E31 /* FMAlertable.swift */,
				CE213CB62075C07300026B17 /* Const.swift */,
				229A925F24B0BDFE00AA33C3 /* Bundle+Extension.swift */,
			);
			path = Utilities;
			sourceTree = "<group>";
		};
		CED2E98920453D6500AB8206 /* Editor */ = {
			isa = PBXGroup;
			children = (
				CED2E99020455AFE00AB8206 /* Views */,
				CED2E98A20453D8F00AB8206 /* FMImageEditorViewController.swift */,
			);
			path = Editor;
			sourceTree = "<group>";
		};
		CED2E99020455AFE00AB8206 /* Views */ = {
			isa = PBXGroup;
			children = (
				CE1A5BC2204D3E45009EA821 /* Crop */,
				CED2E99120455B2500AB8206 /* FMFiltersMenuView.swift */,
				CED2E99320455B8F00AB8206 /* FMFilterCell.swift */,
				CED2E9A4204CE8B800AB8206 /* FMCropMenuView.swift */,
				CE42F59B20521239006D2DC5 /* FMCropCell.swift */,
			);
			path = Views;
			sourceTree = "<group>";
		};
		CED2E9972047CFA800AB8206 /* Filter */ = {
			isa = PBXGroup;
			children = (
				CED2E9982047D1E100AB8206 /* FMFilterable.swift */,
				CED2E99A2047D25400AB8206 /* FMFilter.swift */,
			);
			path = Filter;
			sourceTree = "<group>";
		};
		CED2E9A02048E65500AB8206 /* ImageEditor */ = {
			isa = PBXGroup;
			children = (
				CED2E9A22048E6D800AB8206 /* FMImageEditor.swift */,
				CED2E9A12048E68700AB8206 /* Crop */,
				CED2E9972047CFA800AB8206 /* Filter */,
			);
			path = ImageEditor;
			sourceTree = "<group>";
		};
		CED2E9A12048E68700AB8206 /* Crop */ = {
			isa = PBXGroup;
			children = (
				CE42F59F20521CDA006D2DC5 /* FMCrop.swift */,
				CE91C3D32058BB0800B14997 /* FMCroppable.swift */,
			);
			path = Crop;
			sourceTree = "<group>";
		};
		CEDF9C42203ADBAE0048D182 /* Views */ = {
			isa = PBXGroup;
			children = (
				CEDF9C43203ADBCD0048D182 /* Progress */,
				CEDF9C3C203ACCD20048D182 /* FMPresenterTopView.swift */,
				CEDF9C3A203AC6AE0048D182 /* FMPresenterBottomView.swift */,
				CEDF9C3E203ADB0E0048D182 /* FMPlaybackControlView.swift */,
				CED2E98E2045410D00AB8206 /* FMPresenterEditMenuView.swift */,
			);
			path = Views;
			sourceTree = "<group>";
		};
		CEDF9C43203ADBCD0048D182 /* Progress */ = {
			isa = PBXGroup;
			children = (
				CEDF9C40203ADB380048D182 /* FMPlaybackProgressView.swift */,
				CEDF9C44203ADC200048D182 /* FMPlaybackProgressTrackLayer.swift */,
				CEDF9C46203ADC2D0048D182 /* FMPlaybackProgressThumbLayer.swift */,
			);
			path = Progress;
			sourceTree = "<group>";
		};
		CEE50CFF20196DF9005AE708 = {
			isa = PBXGroup;
			children = (
				CEE50D0B20196DF9005AE708 /* FMPhotoPicker */,
				CEE50D1620196DF9005AE708 /* FMPhotoPickerTests */,
				CEE50D0A20196DF9005AE708 /* Products */,
			);
			sourceTree = "<group>";
		};
		CEE50D0A20196DF9005AE708 /* Products */ = {
			isa = PBXGroup;
			children = (
				CEE50D0920196DF9005AE708 /* FMPhotoPicker.framework */,
				CEE50D1220196DF9005AE708 /* FMPhotoPickerTests.xctest */,
			);
			name = Products;
			sourceTree = "<group>";
		};
		CEE50D0B20196DF9005AE708 /* FMPhotoPicker */ = {
			isa = PBXGroup;
			children = (
				CEE50D2320196E32005AE708 /* source */,
				CEE50D0D20196DF9005AE708 /* Info.plist */,
			);
			path = FMPhotoPicker;
			sourceTree = "<group>";
		};
		CEE50D1620196DF9005AE708 /* FMPhotoPickerTests */ = {
			isa = PBXGroup;
			children = (
				CEE50D1720196DF9005AE708 /* FMPhotoPickerTests.swift */,
				CEE50D1920196DF9005AE708 /* Info.plist */,
			);
			path = FMPhotoPickerTests;
			sourceTree = "<group>";
		};
		CEE50D2320196E32005AE708 /* source */ = {
			isa = PBXGroup;
			children = (
				CED2E9A02048E65500AB8206 /* ImageEditor */,
				CE510903202AE8CD003CBFA5 /* Utilities */,
				CE5108FC202AE789003CBFA5 /* Data */,
				CE510901202AE7EE003CBFA5 /* Interaction Animator */,
				CE510900202AE7DE003CBFA5 /* Animated Trasitioning */,
				CE5108FD202AE799003CBFA5 /* Scene */,
				CE1D3C5420197F5300154980 /* Assets.xcassets */,
			);
			path = source;
			sourceTree = "<group>";
		};
/* End PBXGroup section */

/* Begin PBXHeadersBuildPhase section */
		CEE50D0620196DF9005AE708 /* Headers */ = {
			isa = PBXHeadersBuildPhase;
			buildActionMask = 2147483647;
			files = (
			);
			runOnlyForDeploymentPostprocessing = 0;
		};
/* End PBXHeadersBuildPhase section */

/* Begin PBXNativeTarget section */
		CEE50D0820196DF9005AE708 /* FMPhotoPicker */ = {
			isa = PBXNativeTarget;
			buildConfigurationList = CEE50D1D20196DF9005AE708 /* Build configuration list for PBXNativeTarget "FMPhotoPicker" */;
			buildPhases = (
				CEE50D0420196DF9005AE708 /* Sources */,
				CEE50D0520196DF9005AE708 /* Frameworks */,
				CEE50D0620196DF9005AE708 /* Headers */,
				CEE50D0720196DF9005AE708 /* Resources */,
			);
			buildRules = (
			);
			dependencies = (
			);
			name = FMPhotoPicker;
			productName = FMPhotoPicker;
			productReference = CEE50D0920196DF9005AE708 /* FMPhotoPicker.framework */;
			productType = "com.apple.product-type.framework";
		};
		CEE50D1120196DF9005AE708 /* FMPhotoPickerTests */ = {
			isa = PBXNativeTarget;
			buildConfigurationList = CEE50D2020196DF9005AE708 /* Build configuration list for PBXNativeTarget "FMPhotoPickerTests" */;
			buildPhases = (
				CEE50D0E20196DF9005AE708 /* Sources */,
				CEE50D0F20196DF9005AE708 /* Frameworks */,
				CEE50D1020196DF9005AE708 /* Resources */,
			);
			buildRules = (
			);
			dependencies = (
				CEE50D1520196DF9005AE708 /* PBXTargetDependency */,
			);
			name = FMPhotoPickerTests;
			productName = FMPhotoPickerTests;
			productReference = CEE50D1220196DF9005AE708 /* FMPhotoPickerTests.xctest */;
			productType = "com.apple.product-type.bundle.unit-test";
		};
/* End PBXNativeTarget section */

/* Begin PBXProject section */
		CEE50D0020196DF9005AE708 /* Project object */ = {
			isa = PBXProject;
			attributes = {
				LastSwiftUpdateCheck = 0920;
				LastUpgradeCheck = 1020;
				ORGANIZATIONNAME = "Cong Nguyen";
				TargetAttributes = {
					CEE50D0820196DF9005AE708 = {
						CreatedOnToolsVersion = 9.2;
						LastSwiftMigration = 1020;
						ProvisioningStyle = Automatic;
					};
					CEE50D1120196DF9005AE708 = {
						CreatedOnToolsVersion = 9.2;
						LastSwiftMigration = 1020;
						ProvisioningStyle = Automatic;
					};
				};
			};
			buildConfigurationList = CEE50D0320196DF9005AE708 /* Build configuration list for PBXProject "FMPhotoPicker" */;
			compatibilityVersion = "Xcode 8.0";
			developmentRegion = en;
			hasScannedForEncodings = 0;
			knownRegions = (
				en,
				Base,
			);
			mainGroup = CEE50CFF20196DF9005AE708;
			productRefGroup = CEE50D0A20196DF9005AE708 /* Products */;
			projectDirPath = "";
			projectRoot = "";
			targets = (
				CEE50D0820196DF9005AE708 /* FMPhotoPicker */,
				CEE50D1120196DF9005AE708 /* FMPhotoPickerTests */,
			);
		};
/* End PBXProject section */

/* Begin PBXResourcesBuildPhase section */
		CEE50D0720196DF9005AE708 /* Resources */ = {
			isa = PBXResourcesBuildPhase;
			buildActionMask = 2147483647;
			files = (
				CE1D3C5520197F5300154980 /* Assets.xcassets in Resources */,
			);
			runOnlyForDeploymentPostprocessing = 0;
		};
		CEE50D1020196DF9005AE708 /* Resources */ = {
			isa = PBXResourcesBuildPhase;
			buildActionMask = 2147483647;
			files = (
			);
			runOnlyForDeploymentPostprocessing = 0;
		};
/* End PBXResourcesBuildPhase section */

/* Begin PBXSourcesBuildPhase section */
		CEE50D0420196DF9005AE708 /* Sources */ = {
			isa = PBXSourcesBuildPhase;
			buildActionMask = 2147483647;
			files = (
				CE1A5BCE204D3F88009EA821 /* FMCropForegroundView.swift in Sources */,
				229A926024B0BDFE00AA33C3 /* Bundle+Extension.swift in Sources */,
				CE0C5FB9201AC4870040A03A /* FMZoomInAnimationController.swift in Sources */,
				CED2E99220455B2500AB8206 /* FMFiltersMenuView.swift in Sources */,
				CEE50D2A20196E45005AE708 /* FMPhotoPickerImageCollectionViewLayout.swift in Sources */,
				CED2E9A32048E6D800AB8206 /* FMImageEditor.swift in Sources */,
				CE238A07201EB38000CEBCB5 /* FMScalingImageView.swift in Sources */,
				CEE311B72022E29700ABBE0C /* FMPhotosDataSource.swift in Sources */,
				CE1A5BCA204D3EB2009EA821 /* FMCropCropBoxView.swift in Sources */,
				CE42F59A20515BA9006D2DC5 /* FMCropTranslucencyView.swift in Sources */,
				CE510905202AFD80003CBFA5 /* FMPhotoPickerBatchSelector.swift in Sources */,
				CEDF9C47203ADC2D0048D182 /* FMPlaybackProgressThumbLayer.swift in Sources */,
				CEEC7E3920328C2000BBC214 /* FMWarningView.swift in Sources */,
				CE18608D2030D38700A5D73D /* FMLoadingView.swift in Sources */,
				CE91C3D42058BB0800B14997 /* FMCroppable.swift in Sources */,
				CE0C5FBD201AE09F0040A03A /* FMZoomOutAnimationController.swift in Sources */,
				CE42F5A020521CDA006D2DC5 /* FMCrop.swift in Sources */,
				CE91C3CF2057F4DD00B14997 /* UIImage+Extensions.swift in Sources */,
				CE42F598205129B4006D2DC5 /* FMCropCropBoxCornersView.swift in Sources */,
				CEDF9C3D203ACCD20048D182 /* FMPresenterTopView.swift in Sources */,
				CEDF9C41203ADB380048D182 /* FMPlaybackProgressView.swift in Sources */,
				CE213CB72075C07300026B17 /* Const.swift in Sources */,
				CED2E99B2047D25400AB8206 /* FMFilter.swift in Sources */,
				CE7D2E94202D8C4500554DE0 /* FMPhotoPickerConfig.swift in Sources */,
				CEE50D2920196E45005AE708 /* FMPhotoPickerViewController.swift in Sources */,
				CED2E99420455B8F00AB8206 /* FMFilterCell.swift in Sources */,
				CE1D3C592019C25700154980 /* FMPhotoAsset.swift in Sources */,
				CEDF9C4F203E585F0048D182 /* AVPlayer+Extension.swift in Sources */,
				CEDF9C4A203D5E510048D182 /* FMVideoViewController.swift in Sources */,
				CE762F142060DE54002D6E31 /* FMAlertable.swift in Sources */,
				CE42F59C20521239006D2DC5 /* FMCropCell.swift in Sources */,
				CED2E9A5204CE8B800AB8206 /* FMCropMenuView.swift in Sources */,
				CE238A09201EB68500CEBCB5 /* FMPhotoViewController.swift in Sources */,
				CEDF9C45203ADC200048D182 /* FMPlaybackProgressTrackLayer.swift in Sources */,
				CE0C5FB5201ABD460040A03A /* FMPhotoPresenterViewController.swift in Sources */,
				CEC8EE7B20294338001FD282 /* FMPhotoInteractionAnimator.swift in Sources */,
				CED2E98C20453D8F00AB8206 /* FMImageEditorViewController.swift in Sources */,
				CE1A5BD2204E1FA5009EA821 /* InsertableUIView.swift in Sources */,
				CEC8EE792029413E001FD282 /* UIView+FMPhotoView.swift in Sources */,
				CEE50D2B20196E45005AE708 /* FMPhotoPickerImageCollectionViewCell.swift in Sources */,
				CE1A5BC4204D3E6A009EA821 /* FMCropView.swift in Sources */,
				CEE50D2C20196E45005AE708 /* Helper.swift in Sources */,
				CED2E9992047D1E100AB8206 /* FMFilterable.swift in Sources */,
				CEDF9C3F203ADB0E0048D182 /* FMPlaybackControlView.swift in Sources */,
				CE1A5BCC204D3F6E009EA821 /* FMCropBackgroundView.swift in Sources */,
				CE1A5BC8204D3E91009EA821 /* FMCropScrollView.swift in Sources */,
				CE27EFFD2036CC4600B17BA7 /* TimeInterval+Extension.swift in Sources */,
				CEDF9C3B203AC6AE0048D182 /* FMPresenterBottomView.swift in Sources */,
				CED2E98F2045410D00AB8206 /* FMPresenterEditMenuView.swift in Sources */,
				CEDF9C4C203D6D4F0048D182 /* FMImageViewController.swift in Sources */,
			);
			runOnlyForDeploymentPostprocessing = 0;
		};
		CEE50D0E20196DF9005AE708 /* Sources */ = {
			isa = PBXSourcesBuildPhase;
			buildActionMask = 2147483647;
			files = (
				CEE50D1820196DF9005AE708 /* FMPhotoPickerTests.swift in Sources */,
			);
			runOnlyForDeploymentPostprocessing = 0;
		};
/* End PBXSourcesBuildPhase section */

/* Begin PBXTargetDependency section */
		CEE50D1520196DF9005AE708 /* PBXTargetDependency */ = {
			isa = PBXTargetDependency;
			target = CEE50D0820196DF9005AE708 /* FMPhotoPicker */;
			targetProxy = CEE50D1420196DF9005AE708 /* PBXContainerItemProxy */;
		};
/* End PBXTargetDependency section */

/* Begin XCBuildConfiguration section */
		CEE50D1B20196DF9005AE708 /* Debug */ = {
			isa = XCBuildConfiguration;
			buildSettings = {
				ALWAYS_SEARCH_USER_PATHS = NO;
				CLANG_ANALYZER_NONNULL = YES;
				CLANG_ANALYZER_NUMBER_OBJECT_CONVERSION = YES_AGGRESSIVE;
				CLANG_CXX_LANGUAGE_STANDARD = "gnu++14";
				CLANG_CXX_LIBRARY = "libc++";
				CLANG_ENABLE_MODULES = YES;
				CLANG_ENABLE_OBJC_ARC = YES;
				CLANG_WARN_BLOCK_CAPTURE_AUTORELEASING = YES;
				CLANG_WARN_BOOL_CONVERSION = YES;
				CLANG_WARN_COMMA = YES;
				CLANG_WARN_CONSTANT_CONVERSION = YES;
				CLANG_WARN_DEPRECATED_OBJC_IMPLEMENTATIONS = YES;
				CLANG_WARN_DIRECT_OBJC_ISA_USAGE = YES_ERROR;
				CLANG_WARN_DOCUMENTATION_COMMENTS = YES;
				CLANG_WARN_EMPTY_BODY = YES;
				CLANG_WARN_ENUM_CONVERSION = YES;
				CLANG_WARN_INFINITE_RECURSION = YES;
				CLANG_WARN_INT_CONVERSION = YES;
				CLANG_WARN_NON_LITERAL_NULL_CONVERSION = YES;
				CLANG_WARN_OBJC_IMPLICIT_RETAIN_SELF = YES;
				CLANG_WARN_OBJC_LITERAL_CONVERSION = YES;
				CLANG_WARN_OBJC_ROOT_CLASS = YES_ERROR;
				CLANG_WARN_RANGE_LOOP_ANALYSIS = YES;
				CLANG_WARN_STRICT_PROTOTYPES = YES;
				CLANG_WARN_SUSPICIOUS_MOVE = YES;
				CLANG_WARN_UNGUARDED_AVAILABILITY = YES_AGGRESSIVE;
				CLANG_WARN_UNREACHABLE_CODE = YES;
				CLANG_WARN__DUPLICATE_METHOD_MATCH = YES;
				CODE_SIGN_IDENTITY = "iPhone Developer";
				COPY_PHASE_STRIP = NO;
				CURRENT_PROJECT_VERSION = 1;
				DEBUG_INFORMATION_FORMAT = dwarf;
				ENABLE_STRICT_OBJC_MSGSEND = YES;
				ENABLE_TESTABILITY = YES;
				GCC_C_LANGUAGE_STANDARD = gnu11;
				GCC_DYNAMIC_NO_PIC = NO;
				GCC_NO_COMMON_BLOCKS = YES;
				GCC_OPTIMIZATION_LEVEL = 0;
				GCC_PREPROCESSOR_DEFINITIONS = (
					"DEBUG=1",
					"$(inherited)",
				);
				GCC_WARN_64_TO_32_BIT_CONVERSION = YES;
				GCC_WARN_ABOUT_RETURN_TYPE = YES_ERROR;
				GCC_WARN_UNDECLARED_SELECTOR = YES;
				GCC_WARN_UNINITIALIZED_AUTOS = YES_AGGRESSIVE;
				GCC_WARN_UNUSED_FUNCTION = YES;
				GCC_WARN_UNUSED_VARIABLE = YES;
				IPHONEOS_DEPLOYMENT_TARGET = 11.2;
				MTL_ENABLE_DEBUG_INFO = YES;
				ONLY_ACTIVE_ARCH = YES;
				SDKROOT = iphoneos;
				SWIFT_ACTIVE_COMPILATION_CONDITIONS = DEBUG;
				SWIFT_OPTIMIZATION_LEVEL = "-Onone";
				VERSIONING_SYSTEM = "apple-generic";
				VERSION_INFO_PREFIX = "";
			};
			name = Debug;
		};
		CEE50D1C20196DF9005AE708 /* Release */ = {
			isa = XCBuildConfiguration;
			buildSettings = {
				ALWAYS_SEARCH_USER_PATHS = NO;
				CLANG_ANALYZER_NONNULL = YES;
				CLANG_ANALYZER_NUMBER_OBJECT_CONVERSION = YES_AGGRESSIVE;
				CLANG_CXX_LANGUAGE_STANDARD = "gnu++14";
				CLANG_CXX_LIBRARY = "libc++";
				CLANG_ENABLE_MODULES = YES;
				CLANG_ENABLE_OBJC_ARC = YES;
				CLANG_WARN_BLOCK_CAPTURE_AUTORELEASING = YES;
				CLANG_WARN_BOOL_CONVERSION = YES;
				CLANG_WARN_COMMA = YES;
				CLANG_WARN_CONSTANT_CONVERSION = YES;
				CLANG_WARN_DEPRECATED_OBJC_IMPLEMENTATIONS = YES;
				CLANG_WARN_DIRECT_OBJC_ISA_USAGE = YES_ERROR;
				CLANG_WARN_DOCUMENTATION_COMMENTS = YES;
				CLANG_WARN_EMPTY_BODY = YES;
				CLANG_WARN_ENUM_CONVERSION = YES;
				CLANG_WARN_INFINITE_RECURSION = YES;
				CLANG_WARN_INT_CONVERSION = YES;
				CLANG_WARN_NON_LITERAL_NULL_CONVERSION = YES;
				CLANG_WARN_OBJC_IMPLICIT_RETAIN_SELF = YES;
				CLANG_WARN_OBJC_LITERAL_CONVERSION = YES;
				CLANG_WARN_OBJC_ROOT_CLASS = YES_ERROR;
				CLANG_WARN_RANGE_LOOP_ANALYSIS = YES;
				CLANG_WARN_STRICT_PROTOTYPES = YES;
				CLANG_WARN_SUSPICIOUS_MOVE = YES;
				CLANG_WARN_UNGUARDED_AVAILABILITY = YES_AGGRESSIVE;
				CLANG_WARN_UNREACHABLE_CODE = YES;
				CLANG_WARN__DUPLICATE_METHOD_MATCH = YES;
				CODE_SIGN_IDENTITY = "iPhone Developer";
				COPY_PHASE_STRIP = NO;
				CURRENT_PROJECT_VERSION = 1;
				DEBUG_INFORMATION_FORMAT = "dwarf-with-dsym";
				ENABLE_NS_ASSERTIONS = NO;
				ENABLE_STRICT_OBJC_MSGSEND = YES;
				GCC_C_LANGUAGE_STANDARD = gnu11;
				GCC_NO_COMMON_BLOCKS = YES;
				GCC_WARN_64_TO_32_BIT_CONVERSION = YES;
				GCC_WARN_ABOUT_RETURN_TYPE = YES_ERROR;
				GCC_WARN_UNDECLARED_SELECTOR = YES;
				GCC_WARN_UNINITIALIZED_AUTOS = YES_AGGRESSIVE;
				GCC_WARN_UNUSED_FUNCTION = YES;
				GCC_WARN_UNUSED_VARIABLE = YES;
				IPHONEOS_DEPLOYMENT_TARGET = 11.2;
				MTL_ENABLE_DEBUG_INFO = NO;
				SDKROOT = iphoneos;
				SWIFT_OPTIMIZATION_LEVEL = "-Owholemodule";
				VALIDATE_PRODUCT = YES;
				VERSIONING_SYSTEM = "apple-generic";
				VERSION_INFO_PREFIX = "";
			};
			name = Release;
		};
		CEE50D1E20196DF9005AE708 /* Debug */ = {
			isa = XCBuildConfiguration;
			buildSettings = {
				CLANG_ENABLE_MODULES = YES;
				CODE_SIGN_IDENTITY = "";
				CODE_SIGN_STYLE = Automatic;
				DEFINES_MODULE = YES;
				DYLIB_COMPATIBILITY_VERSION = 1;
				DYLIB_CURRENT_VERSION = 1;
				DYLIB_INSTALL_NAME_BASE = "@rpath";
				INFOPLIST_FILE = FMPhotoPicker/Info.plist;
				INSTALL_PATH = "$(LOCAL_LIBRARY_DIR)/Frameworks";
				IPHONEOS_DEPLOYMENT_TARGET = 9.0;
				LD_RUNPATH_SEARCH_PATHS = "$(inherited) @executable_path/Frameworks @loader_path/Frameworks";
				PRODUCT_BUNDLE_IDENTIFIER = jp.co.tribalmedia.FMPhotoPicker;
				PRODUCT_NAME = "$(TARGET_NAME:c99extidentifier)";
				SKIP_INSTALL = YES;
				SWIFT_OPTIMIZATION_LEVEL = "-Onone";
				SWIFT_VERSION = 5.0;
				TARGETED_DEVICE_FAMILY = "1,2";
			};
			name = Debug;
		};
		CEE50D1F20196DF9005AE708 /* Release */ = {
			isa = XCBuildConfiguration;
			buildSettings = {
				CLANG_ENABLE_MODULES = YES;
				CODE_SIGN_IDENTITY = "";
				CODE_SIGN_STYLE = Automatic;
				DEFINES_MODULE = YES;
				DYLIB_COMPATIBILITY_VERSION = 1;
				DYLIB_CURRENT_VERSION = 1;
				DYLIB_INSTALL_NAME_BASE = "@rpath";
				INFOPLIST_FILE = FMPhotoPicker/Info.plist;
				INSTALL_PATH = "$(LOCAL_LIBRARY_DIR)/Frameworks";
				IPHONEOS_DEPLOYMENT_TARGET = 9.0;
				LD_RUNPATH_SEARCH_PATHS = "$(inherited) @executable_path/Frameworks @loader_path/Frameworks";
				PRODUCT_BUNDLE_IDENTIFIER = jp.co.tribalmedia.FMPhotoPicker;
				PRODUCT_NAME = "$(TARGET_NAME:c99extidentifier)";
				SKIP_INSTALL = YES;
				SWIFT_VERSION = 5.0;
				TARGETED_DEVICE_FAMILY = "1,2";
			};
			name = Release;
		};
		CEE50D2120196DF9005AE708 /* Debug */ = {
			isa = XCBuildConfiguration;
			buildSettings = {
				ALWAYS_EMBED_SWIFT_STANDARD_LIBRARIES = YES;
				CODE_SIGN_STYLE = Automatic;
				INFOPLIST_FILE = FMPhotoPickerTests/Info.plist;
				LD_RUNPATH_SEARCH_PATHS = "$(inherited) @executable_path/Frameworks @loader_path/Frameworks";
				PRODUCT_BUNDLE_IDENTIFIER = jp.co.tribalmedia.FMPhotoPickerTests;
				PRODUCT_NAME = "$(TARGET_NAME)";
				SWIFT_VERSION = 5.0;
				TARGETED_DEVICE_FAMILY = "1,2";
			};
			name = Debug;
		};
		CEE50D2220196DF9005AE708 /* Release */ = {
			isa = XCBuildConfiguration;
			buildSettings = {
				ALWAYS_EMBED_SWIFT_STANDARD_LIBRARIES = YES;
				CODE_SIGN_STYLE = Automatic;
				INFOPLIST_FILE = FMPhotoPickerTests/Info.plist;
				LD_RUNPATH_SEARCH_PATHS = "$(inherited) @executable_path/Frameworks @loader_path/Frameworks";
				PRODUCT_BUNDLE_IDENTIFIER = jp.co.tribalmedia.FMPhotoPickerTests;
				PRODUCT_NAME = "$(TARGET_NAME)";
				SWIFT_VERSION = 5.0;
				TARGETED_DEVICE_FAMILY = "1,2";
			};
			name = Release;
		};
/* End XCBuildConfiguration section */

/* Begin XCConfigurationList section */
		CEE50D0320196DF9005AE708 /* Build configuration list for PBXProject "FMPhotoPicker" */ = {
			isa = XCConfigurationList;
			buildConfigurations = (
				CEE50D1B20196DF9005AE708 /* Debug */,
				CEE50D1C20196DF9005AE708 /* Release */,
			);
			defaultConfigurationIsVisible = 0;
			defaultConfigurationName = Release;
		};
		CEE50D1D20196DF9005AE708 /* Build configuration list for PBXNativeTarget "FMPhotoPicker" */ = {
			isa = XCConfigurationList;
			buildConfigurations = (
				CEE50D1E20196DF9005AE708 /* Debug */,
				CEE50D1F20196DF9005AE708 /* Release */,
			);
			defaultConfigurationIsVisible = 0;
			defaultConfigurationName = Release;
		};
		CEE50D2020196DF9005AE708 /* Build configuration list for PBXNativeTarget "FMPhotoPickerTests" */ = {
			isa = XCConfigurationList;
			buildConfigurations = (
				CEE50D2120196DF9005AE708 /* Debug */,
				CEE50D2220196DF9005AE708 /* Release */,
			);
			defaultConfigurationIsVisible = 0;
			defaultConfigurationName = Release;
		};
/* End XCConfigurationList section */
	};
	rootObject = CEE50D0020196DF9005AE708 /* Project object */;
}
